
Microsoft Visual Studio Solution File, Format Version 12.00
# Visual Studio Version 17
VisualStudioVersion = 17.5.33103.201
MinimumVisualStudioVersion = 10.0.40219.1
Project("{9A19103F-16F7-4668-BE54-9A1E7A4F7556}") = "01", "01\01.csproj", "{C96BCBD7-BDBD-425D-B06E-64D92390458C}"
EndProject
Project("{9A19103F-16F7-4668-BE54-9A1E7A4F7556}") = "Common", "Common\Common.csproj", "{898ADB25-9296-4169-8479-1B872C3E1D5C}"
EndProject
Project("{2150E333-8FDC-42A3-9474-1A3956D46DE8}") = ".SolutionItems", ".SolutionItems", "{F9E29026-36A7-4533-9043-EE7DBA7DA68A}"
	ProjectSection(SolutionItems) = preProject
		Directory.Build.props = Directory.Build.props
	EndProjectSection
EndProject
Project("{9A19103F-16F7-4668-BE54-9A1E7A4F7556}") = "02", "02\02.csproj", "{92F25A8B-4B40-46B4-A426-FA131D6D51C7}"
EndProject
Project("{9A19103F-16F7-4668-BE54-9A1E7A4F7556}") = "03", "03\03.csproj", "{54401F45-6AC5-451E-B87F-487A1C07AB15}"
EndProject
Project("{9A19103F-16F7-4668-BE54-9A1E7A4F7556}") = "04", "04\04.csproj", "{8A36EB95-159E-4D5D-AAE5-683D403D558F}"
EndProject
Project("{9A19103F-16F7-4668-BE54-9A1E7A4F7556}") = "05", "05\05.csproj", "{B90F4E94-B54C-4785-82B2-F77FC6154BE0}"
EndProject
Project("{9A19103F-16F7-4668-BE54-9A1E7A4F7556}") = "06", "06\06.csproj", "{7BD51B00-AD95-4B40-90D7-C3DA4C550A76}"
EndProject
Project("{9A19103F-16F7-4668-BE54-9A1E7A4F7556}") = "07", "07\07.csproj", "{8FACF0DC-FE19-4DC1-84D2-EECE17EBD916}"
EndProject
Project("{9A19103F-16F7-4668-BE54-9A1E7A4F7556}") = "08", "08\08.csproj", "{5F909122-9E38-4D16-899D-9B5CAC2DC35B}"
EndProject
Project("{9A19103F-16F7-4668-BE54-9A1E7A4F7556}") = "09", "09\09.csproj", "{6D651EAF-2C16-4948-A3A3-F9FCF1B0A823}"
EndProject
Project("{9A19103F-16F7-4668-BE54-9A1E7A4F7556}") = "10", "10\10.csproj", "{8189347E-6970-44C8-94AB-10CAC3FFD763}"
EndProject
Project("{9A19103F-16F7-4668-BE54-9A1E7A4F7556}") = "11", "11\11.csproj", "{4CA6CA2B-A44D-476C-88A8-A5A7660A4078}"
EndProject
Project("{9A19103F-16F7-4668-BE54-9A1E7A4F7556}") = "12", "12\12.csproj", "{205D84AB-4EE4-440A-A9B3-C72CB9B8074B}"
EndProject
Project("{9A19103F-16F7-4668-BE54-9A1E7A4F7556}") = "13", "13\13.csproj", "{7331D4CD-85C6-4057-995D-ABDCAFB21B2A}"
EndProject
Project("{9A19103F-16F7-4668-BE54-9A1E7A4F7556}") = "14", "14\14.csproj", "{2C82D190-6BDB-49DE-893C-28C473804C5D}"
EndProject
Project("{FAE04EC0-301F-11D3-BF4B-00C04F79EFBC}") = "15", "15\15.csproj", "{34483609-A564-4510-AB58-D4426B8DB107}"
EndProject
Global
	GlobalSection(SolutionConfigurationPlatforms) = preSolution
		Debug|Any CPU = Debug|Any CPU
		Release|Any CPU = Release|Any CPU
	EndGlobalSection
	GlobalSection(ProjectConfigurationPlatforms) = postSolution
		{C96BCBD7-BDBD-425D-B06E-64D92390458C}.Debug|Any CPU.ActiveCfg = Debug|Any CPU
		{C96BCBD7-BDBD-425D-B06E-64D92390458C}.Debug|Any CPU.Build.0 = Debug|Any CPU
		{C96BCBD7-BDBD-425D-B06E-64D92390458C}.Release|Any CPU.ActiveCfg = Release|Any CPU
		{C96BCBD7-BDBD-425D-B06E-64D92390458C}.Release|Any CPU.Build.0 = Release|Any CPU
		{898ADB25-9296-4169-8479-1B872C3E1D5C}.Debug|Any CPU.ActiveCfg = Debug|Any CPU
		{898ADB25-9296-4169-8479-1B872C3E1D5C}.Debug|Any CPU.Build.0 = Debug|Any CPU
		{898ADB25-9296-4169-8479-1B872C3E1D5C}.Release|Any CPU.ActiveCfg = Release|Any CPU
		{898ADB25-9296-4169-8479-1B872C3E1D5C}.Release|Any CPU.Build.0 = Release|Any CPU
		{92F25A8B-4B40-46B4-A426-FA131D6D51C7}.Debug|Any CPU.ActiveCfg = Debug|Any CPU
		{92F25A8B-4B40-46B4-A426-FA131D6D51C7}.Debug|Any CPU.Build.0 = Debug|Any CPU
		{92F25A8B-4B40-46B4-A426-FA131D6D51C7}.Release|Any CPU.ActiveCfg = Release|Any CPU
		{92F25A8B-4B40-46B4-A426-FA131D6D51C7}.Release|Any CPU.Build.0 = Release|Any CPU
		{54401F45-6AC5-451E-B87F-487A1C07AB15}.Debug|Any CPU.ActiveCfg = Debug|Any CPU
		{54401F45-6AC5-451E-B87F-487A1C07AB15}.Debug|Any CPU.Build.0 = Debug|Any CPU
		{54401F45-6AC5-451E-B87F-487A1C07AB15}.Release|Any CPU.ActiveCfg = Release|Any CPU
		{54401F45-6AC5-451E-B87F-487A1C07AB15}.Release|Any CPU.Build.0 = Release|Any CPU
		{8A36EB95-159E-4D5D-AAE5-683D403D558F}.Debug|Any CPU.ActiveCfg = Debug|Any CPU
		{8A36EB95-159E-4D5D-AAE5-683D403D558F}.Debug|Any CPU.Build.0 = Debug|Any CPU
		{8A36EB95-159E-4D5D-AAE5-683D403D558F}.Release|Any CPU.ActiveCfg = Release|Any CPU
		{8A36EB95-159E-4D5D-AAE5-683D403D558F}.Release|Any CPU.Build.0 = Release|Any CPU
		{B90F4E94-B54C-4785-82B2-F77FC6154BE0}.Debug|Any CPU.ActiveCfg = Debug|Any CPU
		{B90F4E94-B54C-4785-82B2-F77FC6154BE0}.Debug|Any CPU.Build.0 = Debug|Any CPU
		{B90F4E94-B54C-4785-82B2-F77FC6154BE0}.Release|Any CPU.ActiveCfg = Release|Any CPU
		{B90F4E94-B54C-4785-82B2-F77FC6154BE0}.Release|Any CPU.Build.0 = Release|Any CPU
		{7BD51B00-AD95-4B40-90D7-C3DA4C550A76}.Debug|Any CPU.ActiveCfg = Debug|Any CPU
		{7BD51B00-AD95-4B40-90D7-C3DA4C550A76}.Debug|Any CPU.Build.0 = Debug|Any CPU
		{7BD51B00-AD95-4B40-90D7-C3DA4C550A76}.Release|Any CPU.ActiveCfg = Release|Any CPU
		{7BD51B00-AD95-4B40-90D7-C3DA4C550A76}.Release|Any CPU.Build.0 = Release|Any CPU
		{8FACF0DC-FE19-4DC1-84D2-EECE17EBD916}.Debug|Any CPU.ActiveCfg = Debug|Any CPU
		{8FACF0DC-FE19-4DC1-84D2-EECE17EBD916}.Debug|Any CPU.Build.0 = Debug|Any CPU
		{8FACF0DC-FE19-4DC1-84D2-EECE17EBD916}.Release|Any CPU.ActiveCfg = Release|Any CPU
		{8FACF0DC-FE19-4DC1-84D2-EECE17EBD916}.Release|Any CPU.Build.0 = Release|Any CPU
		{5F909122-9E38-4D16-899D-9B5CAC2DC35B}.Debug|Any CPU.ActiveCfg = Debug|Any CPU
		{5F909122-9E38-4D16-899D-9B5CAC2DC35B}.Debug|Any CPU.Build.0 = Debug|Any CPU
		{5F909122-9E38-4D16-899D-9B5CAC2DC35B}.Release|Any CPU.ActiveCfg = Release|Any CPU
		{5F909122-9E38-4D16-899D-9B5CAC2DC35B}.Release|Any CPU.Build.0 = Release|Any CPU
		{6D651EAF-2C16-4948-A3A3-F9FCF1B0A823}.Debug|Any CPU.ActiveCfg = Debug|Any CPU
		{6D651EAF-2C16-4948-A3A3-F9FCF1B0A823}.Debug|Any CPU.Build.0 = Debug|Any CPU
		{6D651EAF-2C16-4948-A3A3-F9FCF1B0A823}.Release|Any CPU.ActiveCfg = Release|Any CPU
		{6D651EAF-2C16-4948-A3A3-F9FCF1B0A823}.Release|Any CPU.Build.0 = Release|Any CPU
		{8189347E-6970-44C8-94AB-10CAC3FFD763}.Debug|Any CPU.ActiveCfg = Debug|Any CPU
		{8189347E-6970-44C8-94AB-10CAC3FFD763}.Debug|Any CPU.Build.0 = Debug|Any CPU
		{8189347E-6970-44C8-94AB-10CAC3FFD763}.Release|Any CPU.ActiveCfg = Release|Any CPU
		{8189347E-6970-44C8-94AB-10CAC3FFD763}.Release|Any CPU.Build.0 = Release|Any CPU
		{4CA6CA2B-A44D-476C-88A8-A5A7660A4078}.Debug|Any CPU.ActiveCfg = Debug|Any CPU
		{4CA6CA2B-A44D-476C-88A8-A5A7660A4078}.Debug|Any CPU.Build.0 = Debug|Any CPU
		{4CA6CA2B-A44D-476C-88A8-A5A7660A4078}.Release|Any CPU.ActiveCfg = Release|Any CPU
		{4CA6CA2B-A44D-476C-88A8-A5A7660A4078}.Release|Any CPU.Build.0 = Release|Any CPU
		{205D84AB-4EE4-440A-A9B3-C72CB9B8074B}.Debug|Any CPU.ActiveCfg = Debug|Any CPU
		{205D84AB-4EE4-440A-A9B3-C72CB9B8074B}.Debug|Any CPU.Build.0 = Debug|Any CPU
		{205D84AB-4EE4-440A-A9B3-C72CB9B8074B}.Release|Any CPU.ActiveCfg = Release|Any CPU
		{205D84AB-4EE4-440A-A9B3-C72CB9B8074B}.Release|Any CPU.Build.0 = Release|Any CPU
		{7331D4CD-85C6-4057-995D-ABDCAFB21B2A}.Debug|Any CPU.ActiveCfg = Debug|Any CPU
		{7331D4CD-85C6-4057-995D-ABDCAFB21B2A}.Debug|Any CPU.Build.0 = Debug|Any CPU
		{7331D4CD-85C6-4057-995D-ABDCAFB21B2A}.Release|Any CPU.ActiveCfg = Release|Any CPU
		{7331D4CD-85C6-4057-995D-ABDCAFB21B2A}.Release|Any CPU.Build.0 = Release|Any CPU
		{2C82D190-6BDB-49DE-893C-28C473804C5D}.Debug|Any CPU.ActiveCfg = Debug|Any CPU
		{2C82D190-6BDB-49DE-893C-28C473804C5D}.Debug|Any CPU.Build.0 = Debug|Any CPU
		{2C82D190-6BDB-49DE-893C-28C473804C5D}.Release|Any CPU.ActiveCfg = Release|Any CPU
		{2C82D190-6BDB-49DE-893C-28C473804C5D}.Release|Any CPU.Build.0 = Release|Any CPU
		{34483609-A564-4510-AB58-D4426B8DB107}.Debug|Any CPU.ActiveCfg = Debug|Any CPU
		{34483609-A564-4510-AB58-D4426B8DB107}.Debug|Any CPU.Build.0 = Debug|Any CPU
		{34483609-A564-4510-AB58-D4426B8DB107}.Release|Any CPU.ActiveCfg = Release|Any CPU
		{34483609-A564-4510-AB58-D4426B8DB107}.Release|Any CPU.Build.0 = Release|Any CPU
	EndGlobalSection
	GlobalSection(SolutionProperties) = preSolution
		HideSolutionNode = FALSE
	EndGlobalSection
	GlobalSection(ExtensibilityGlobals) = postSolution
		SolutionGuid = {C0F94FB6-1A71-41A1-9220-4E2E34F90059}
	EndGlobalSection
EndGlobal
